// !$*UTF8*$!
{
	archiveVersion = 1;
	classes = {
	};
	objectVersion = 50;
	objects = {

/* Begin PBXBuildFile section */
		4500C8F825A7205800C42C83 /* MulticasPublisherViewController.swift in Sources */ = {isa = PBXBuildFile; fileRef = 4500C8F725A7205800C42C83 /* MulticasPublisherViewController.swift */; };
		4520CAC725A573C4002C438A /* PublishedPublisherViewController.swift in Sources */ = {isa = PBXBuildFile; fileRef = 4520CAC625A573C4002C438A /* PublishedPublisherViewController.swift */; };
		4520CB0125A5DAFE002C438A /* Extensions.swift in Sources */ = {isa = PBXBuildFile; fileRef = 4520CB0025A5DAFE002C438A /* Extensions.swift */; };
		457ABE2F25A9FE3000C17A77 /* DebugViewController.swift in Sources */ = {isa = PBXBuildFile; fileRef = 457ABE2E25A9FE3000C17A77 /* DebugViewController.swift */; };
		457BA4AA25A1ED6100A98175 /* AppDelegate.swift in Sources */ = {isa = PBXBuildFile; fileRef = 457BA4A925A1ED6100A98175 /* AppDelegate.swift */; };
		457BA4AC25A1ED6100A98175 /* SceneDelegate.swift in Sources */ = {isa = PBXBuildFile; fileRef = 457BA4AB25A1ED6100A98175 /* SceneDelegate.swift */; };
		457BA4B125A1ED6100A98175 /* Main.storyboard in Resources */ = {isa = PBXBuildFile; fileRef = 457BA4AF25A1ED6100A98175 /* Main.storyboard */; };
		457BA4B325A1ED6100A98175 /* Assets.xcassets in Resources */ = {isa = PBXBuildFile; fileRef = 457BA4B225A1ED6100A98175 /* Assets.xcassets */; };
		457BA4B625A1ED6100A98175 /* LaunchScreen.storyboard in Resources */ = {isa = PBXBuildFile; fileRef = 457BA4B425A1ED6100A98175 /* LaunchScreen.storyboard */; };
		45F1593825A421150087E17E /* PublishersTableViewController.swift in Sources */ = {isa = PBXBuildFile; fileRef = 45F1593725A421150087E17E /* PublishersTableViewController.swift */; };
		45F1594025A4214A0087E17E /* JustPublisherViewController.swift in Sources */ = {isa = PBXBuildFile; fileRef = 45F1593F25A4214A0087E17E /* JustPublisherViewController.swift */; };
		45F1594525A4263E0087E17E /* FuturePublisherViewController.swift in Sources */ = {isa = PBXBuildFile; fileRef = 45F1594425A4263E0087E17E /* FuturePublisherViewController.swift */; };
/* End PBXBuildFile section */

/* Begin PBXFileReference section */
		4500C8F725A7205800C42C83 /* MulticasPublisherViewController.swift */ = {isa = PBXFileReference; lastKnownFileType = sourcecode.swift; path = MulticasPublisherViewController.swift; sourceTree = "<group>"; };
		4520CAC625A573C4002C438A /* PublishedPublisherViewController.swift */ = {isa = PBXFileReference; lastKnownFileType = sourcecode.swift; path = PublishedPublisherViewController.swift; sourceTree = "<group>"; };
		4520CB0025A5DAFE002C438A /* Extensions.swift */ = {isa = PBXFileReference; lastKnownFileType = sourcecode.swift; path = Extensions.swift; sourceTree = "<group>"; };
		457ABE2E25A9FE3000C17A77 /* DebugViewController.swift */ = {isa = PBXFileReference; lastKnownFileType = sourcecode.swift; path = DebugViewController.swift; sourceTree = "<group>"; };
		457BA4A625A1ED6100A98175 /* CombinePublishers.app */ = {isa = PBXFileReference; explicitFileType = wrapper.application; includeInIndex = 0; path = CombinePublishers.app; sourceTree = BUILT_PRODUCTS_DIR; };
		457BA4A925A1ED6100A98175 /* AppDelegate.swift */ = {isa = PBXFileReference; lastKnownFileType = sourcecode.swift; path = AppDelegate.swift; sourceTree = "<group>"; };
		457BA4AB25A1ED6100A98175 /* SceneDelegate.swift */ = {isa = PBXFileReference; lastKnownFileType = sourcecode.swift; path = SceneDelegate.swift; sourceTree = "<group>"; };
		457BA4B025A1ED6100A98175 /* Base */ = {isa = PBXFileReference; lastKnownFileType = file.storyboard; name = Base; path = Base.lproj/Main.storyboard; sourceTree = "<group>"; };
		457BA4B225A1ED6100A98175 /* Assets.xcassets */ = {isa = PBXFileReference; lastKnownFileType = folder.assetcatalog; path = Assets.xcassets; sourceTree = "<group>"; };
		457BA4B525A1ED6100A98175 /* Base */ = {isa = PBXFileReference; lastKnownFileType = file.storyboard; name = Base; path = Base.lproj/LaunchScreen.storyboard; sourceTree = "<group>"; };
		457BA4B725A1ED6200A98175 /* Info.plist */ = {isa = PBXFileReference; lastKnownFileType = text.plist.xml; path = Info.plist; sourceTree = "<group>"; };
		45F1593725A421150087E17E /* PublishersTableViewController.swift */ = {isa = PBXFileReference; lastKnownFileType = sourcecode.swift; path = PublishersTableViewController.swift; sourceTree = "<group>"; };
		45F1593F25A4214A0087E17E /* JustPublisherViewController.swift */ = {isa = PBXFileReference; lastKnownFileType = sourcecode.swift; path = JustPublisherViewController.swift; sourceTree = "<group>"; };
		45F1594425A4263E0087E17E /* FuturePublisherViewController.swift */ = {isa = PBXFileReference; lastKnownFileType = sourcecode.swift; path = FuturePublisherViewController.swift; sourceTree = "<group>"; };
/* End PBXFileReference section */

/* Begin PBXFrameworksBuildPhase section */
		457BA4A325A1ED6100A98175 /* Frameworks */ = {
			isa = PBXFrameworksBuildPhase;
			buildActionMask = 2147483647;
			files = (
			);
			runOnlyForDeploymentPostprocessing = 0;
		};
/* End PBXFrameworksBuildPhase section */

/* Begin PBXGroup section */
		457BA49D25A1ED6100A98175 = {
			isa = PBXGroup;
			children = (
				457BA4A825A1ED6100A98175 /* CombinePublishers */,
				457BA4A725A1ED6100A98175 /* Products */,
			);
			sourceTree = "<group>";
		};
		457BA4A725A1ED6100A98175 /* Products */ = {
			isa = PBXGroup;
			children = (
				457BA4A625A1ED6100A98175 /* CombinePublishers.app */,
			);
			name = Products;
			sourceTree = "<group>";
		};
		457BA4A825A1ED6100A98175 /* CombinePublishers */ = {
			isa = PBXGroup;
			children = (
				457BA4A925A1ED6100A98175 /* AppDelegate.swift */,
				457BA4AB25A1ED6100A98175 /* SceneDelegate.swift */,
				45F1593725A421150087E17E /* PublishersTableViewController.swift */,
				45F1593F25A4214A0087E17E /* JustPublisherViewController.swift */,
				45F1594425A4263E0087E17E /* FuturePublisherViewController.swift */,
				4520CAC625A573C4002C438A /* PublishedPublisherViewController.swift */,
				4500C8F725A7205800C42C83 /* MulticasPublisherViewController.swift */,
				457ABE2E25A9FE3000C17A77 /* DebugViewController.swift */,
				457BA4AF25A1ED6100A98175 /* Main.storyboard */,
				4520CB0025A5DAFE002C438A /* Extensions.swift */,
				457BA4B225A1ED6100A98175 /* Assets.xcassets */,
				457BA4B425A1ED6100A98175 /* LaunchScreen.storyboard */,
				457BA4B725A1ED6200A98175 /* Info.plist */,
			);
			path = CombinePublishers;
			sourceTree = "<group>";
		};
/* End PBXGroup section */

/* Begin PBXNativeTarget section */
		457BA4A525A1ED6100A98175 /* CombinePublishers */ = {
			isa = PBXNativeTarget;
			buildConfigurationList = 457BA4D025A1ED6200A98175 /* Build configuration list for PBXNativeTarget "CombinePublishers" */;
			buildPhases = (
				457BA4A225A1ED6100A98175 /* Sources */,
				457BA4A325A1ED6100A98175 /* Frameworks */,
				457BA4A425A1ED6100A98175 /* Resources */,
			);
			buildRules = (
			);
			dependencies = (
			);
			name = CombinePublishers;
			productName = CombineOperators;
			productReference = 457BA4A625A1ED6100A98175 /* CombinePublishers.app */;
			productType = "com.apple.product-type.application";
		};
/* End PBXNativeTarget section */

/* Begin PBXProject section */
		457BA49E25A1ED6100A98175 /* Project object */ = {
			isa = PBXProject;
			attributes = {
				LastSwiftUpdateCheck = 1220;
				LastUpgradeCheck = 1220;
				TargetAttributes = {
					457BA4A525A1ED6100A98175 = {
						CreatedOnToolsVersion = 12.2;
					};
				};
			};
			buildConfigurationList = 457BA4A125A1ED6100A98175 /* Build configuration list for PBXProject "CombinePublishers" */;
			compatibilityVersion = "Xcode 9.3";
			developmentRegion = en;
			hasScannedForEncodings = 0;
			knownRegions = (
				en,
				Base,
			);
			mainGroup = 457BA49D25A1ED6100A98175;
			productRefGroup = 457BA4A725A1ED6100A98175 /* Products */;
			projectDirPath = "";
			projectRoot = "";
			targets = (
				457BA4A525A1ED6100A98175 /* CombinePublishers */,
			);
		};
/* End PBXProject section */

/* Begin PBXResourcesBuildPhase section */
		457BA4A425A1ED6100A98175 /* Resources */ = {
			isa = PBXResourcesBuildPhase;
			buildActionMask = 2147483647;
			files = (
				457BA4B625A1ED6100A98175 /* LaunchScreen.storyboard in Resources */,
				457BA4B325A1ED6100A98175 /* Assets.xcassets in Resources */,
				457BA4B125A1ED6100A98175 /* Main.storyboard in Resources */,
			);
			runOnlyForDeploymentPostprocessing = 0;
		};
/* End PBXResourcesBuildPhase section */

/* Begin PBXSourcesBuildPhase section */
		457BA4A225A1ED6100A98175 /* Sources */ = {
			isa = PBXSourcesBuildPhase;
			buildActionMask = 2147483647;
			files = (
				457ABE2F25A9FE3000C17A77 /* DebugViewController.swift in Sources */,
				4520CAC725A573C4002C438A /* PublishedPublisherViewController.swift in Sources */,
				457BA4AA25A1ED6100A98175 /* AppDelegate.swift in Sources */,
				457BA4AC25A1ED6100A98175 /* SceneDelegate.swift in Sources */,
				45F1593825A421150087E17E /* PublishersTableViewController.swift in Sources */,
				45F1594525A4263E0087E17E /* FuturePublisherViewController.swift in Sources */,
				45F1594025A4214A0087E17E /* JustPublisherViewController.swift in Sources */,
				4520CB0125A5DAFE002C438A /* Extensions.swift in Sources */,
				4500C8F825A7205800C42C83 /* MulticasPublisherViewController.swift in Sources */,
			);
			runOnlyForDeploymentPostprocessing = 0;
		};
/* End PBXSourcesBuildPhase section */

/* Begin PBXVariantGroup section */
		457BA4AF25A1ED6100A98175 /* Main.storyboard */ = {
			isa = PBXVariantGroup;
			children = (
				457BA4B025A1ED6100A98175 /* Base */,
			);
			name = Main.storyboard;
			sourceTree = "<group>";
		};
		457BA4B425A1ED6100A98175 /* LaunchScreen.storyboard */ = {
			isa = PBXVariantGroup;
			children = (
				457BA4B525A1ED6100A98175 /* Base */,
			);
			name = LaunchScreen.storyboard;
			sourceTree = "<group>";
		};
/* End PBXVariantGroup section */

/* Begin XCBuildConfiguration section */
		457BA4CE25A1ED6200A98175 /* Debug */ = {
			isa = XCBuildConfiguration;
			buildSettings = {
				ALWAYS_SEARCH_USER_PATHS = NO;
				CLANG_ANALYZER_NONNULL = YES;
				CLANG_ANALYZER_NUMBER_OBJECT_CONVERSION = YES_AGGRESSIVE;
				CLANG_CXX_LANGUAGE_STANDARD = "gnu++14";
				CLANG_CXX_LIBRARY = "libc++";
				CLANG_ENABLE_MODULES = YES;
				CLANG_ENABLE_OBJC_ARC = YES;
				CLANG_ENABLE_OBJC_WEAK = YES;
				CLANG_WARN_BLOCK_CAPTURE_AUTORELEASING = YES;
				CLANG_WARN_BOOL_CONVERSION = YES;
				CLANG_WARN_COMMA = YES;
				CLANG_WARN_CONSTANT_CONVERSION = YES;
				CLANG_WARN_DEPRECATED_OBJC_IMPLEMENTATIONS = YES;
				CLANG_WARN_DIRECT_OBJC_ISA_USAGE = YES_ERROR;
				CLANG_WARN_DOCUMENTATION_COMMENTS = YES;
				CLANG_WARN_EMPTY_BODY = YES;
				CLANG_WARN_ENUM_CONVERSION = YES;
				CLANG_WARN_INFINITE_RECURSION = YES;
				CLANG_WARN_INT_CONVERSION = YES;
				CLANG_WARN_NON_LITERAL_NULL_CONVERSION = YES;
				CLANG_WARN_OBJC_IMPLICIT_RETAIN_SELF = YES;
				CLANG_WARN_OBJC_LITERAL_CONVERSION = YES;
				CLANG_WARN_OBJC_ROOT_CLASS = YES_ERROR;
				CLANG_WARN_QUOTED_INCLUDE_IN_FRAMEWORK_HEADER = YES;
				CLANG_WARN_RANGE_LOOP_ANALYSIS = YES;
				CLANG_WARN_STRICT_PROTOTYPES = YES;
				CLANG_WARN_SUSPICIOUS_MOVE = YES;
				CLANG_WARN_UNGUARDED_AVAILABILITY = YES_AGGRESSIVE;
				CLANG_WARN_UNREACHABLE_CODE = YES;
				CLANG_WARN__DUPLICATE_METHOD_MATCH = YES;
				COPY_PHASE_STRIP = NO;
				DEBUG_INFORMATION_FORMAT = dwarf;
				ENABLE_STRICT_OBJC_MSGSEND = YES;
				ENABLE_TESTABILITY = YES;
				GCC_C_LANGUAGE_STANDARD = gnu11;
				GCC_DYNAMIC_NO_PIC = NO;
				GCC_NO_COMMON_BLOCKS = YES;
				GCC_OPTIMIZATION_LEVEL = 0;
				GCC_PREPROCESSOR_DEFINITIONS = (
					"DEBUG=1",
					"$(inherited)",
				);
				GCC_WARN_64_TO_32_BIT_CONVERSION = YES;
				GCC_WARN_ABOUT_RETURN_TYPE = YES_ERROR;
				GCC_WARN_UNDECLARED_SELECTOR = YES;
				GCC_WARN_UNINITIALIZED_AUTOS = YES_AGGRESSIVE;
				GCC_WARN_UNUSED_FUNCTION = YES;
				GCC_WARN_UNUSED_VARIABLE = YES;
				IPHONEOS_DEPLOYMENT_TARGET = 14.2;
				MTL_ENABLE_DEBUG_INFO = INCLUDE_SOURCE;
				MTL_FAST_MATH = YES;
				ONLY_ACTIVE_ARCH = YES;
				SDKROOT = iphoneos;
				SWIFT_ACTIVE_COMPILATION_CONDITIONS = DEBUG;
				SWIFT_OPTIMIZATION_LEVEL = "-Onone";
			};
			name = Debug;
		};
		457BA4CF25A1ED6200A98175 /* Release */ = {
			isa = XCBuildConfiguration;
			buildSettings = {
				ALWAYS_SEARCH_USER_PATHS = NO;
				CLANG_ANALYZER_NONNULL = YES;
				CLANG_ANALYZER_NUMBER_OBJECT_CONVERSION = YES_AGGRESSIVE;
				CLANG_CXX_LANGUAGE_STANDARD = "gnu++14";
				CLANG_CXX_LIBRARY = "libc++";
				CLANG_ENABLE_MODULES = YES;
				CLANG_ENABLE_OBJC_ARC = YES;
				CLANG_ENABLE_OBJC_WEAK = YES;
				CLANG_WARN_BLOCK_CAPTURE_AUTORELEASING = YES;
				CLANG_WARN_BOOL_CONVERSION = YES;
				CLANG_WARN_COMMA = YES;
				CLANG_WARN_CONSTANT_CONVERSION = YES;
				CLANG_WARN_DEPRECATED_OBJC_IMPLEMENTATIONS = YES;
				CLANG_WARN_DIRECT_OBJC_ISA_USAGE = YES_ERROR;
				CLANG_WARN_DOCUMENTATION_COMMENTS = YES;
				CLANG_WARN_EMPTY_BODY = YES;
				CLANG_WARN_ENUM_CONVERSION = YES;
				CLANG_WARN_INFINITE_RECURSION = YES;
				CLANG_WARN_INT_CONVERSION = YES;
				CLANG_WARN_NON_LITERAL_NULL_CONVERSION = YES;
				CLANG_WARN_OBJC_IMPLICIT_RETAIN_SELF = YES;
				CLANG_WARN_OBJC_LITERAL_CONVERSION = YES;
				CLANG_WARN_OBJC_ROOT_CLASS = YES_ERROR;
				CLANG_WARN_QUOTED_INCLUDE_IN_FRAMEWORK_HEADER = YES;
				CLANG_WARN_RANGE_LOOP_ANALYSIS = YES;
				CLANG_WARN_STRICT_PROTOTYPES = YES;
				CLANG_WARN_SUSPICIOUS_MOVE = YES;
				CLANG_WARN_UNGUARDED_AVAILABILITY = YES_AGGRESSIVE;
				CLANG_WARN_UNREACHABLE_CODE = YES;
				CLANG_WARN__DUPLICATE_METHOD_MATCH = YES;
				COPY_PHASE_STRIP = NO;
				DEBUG_INFORMATION_FORMAT = "dwarf-with-dsym";
				ENABLE_NS_ASSERTIONS = NO;
				ENABLE_STRICT_OBJC_MSGSEND = YES;
				GCC_C_LANGUAGE_STANDARD = gnu11;
				GCC_NO_COMMON_BLOCKS = YES;
				GCC_WARN_64_TO_32_BIT_CONVERSION = YES;
				GCC_WARN_ABOUT_RETURN_TYPE = YES_ERROR;
				GCC_WARN_UNDECLARED_SELECTOR = YES;
				GCC_WARN_UNINITIALIZED_AUTOS = YES_AGGRESSIVE;
				GCC_WARN_UNUSED_FUNCTION = YES;
				GCC_WARN_UNUSED_VARIABLE = YES;
				IPHONEOS_DEPLOYMENT_TARGET = 14.2;
				MTL_ENABLE_DEBUG_INFO = NO;
				MTL_FAST_MATH = YES;
				SDKROOT = iphoneos;
				SWIFT_COMPILATION_MODE = wholemodule;
				SWIFT_OPTIMIZATION_LEVEL = "-O";
				VALIDATE_PRODUCT = YES;
			};
			name = Release;
		};
		457BA4D125A1ED6200A98175 /* Debug */ = {
			isa = XCBuildConfiguration;
			buildSettings = {
				ASSETCATALOG_COMPILER_APPICON_NAME = AppIcon;
				ASSETCATALOG_COMPILER_GLOBAL_ACCENT_COLOR_NAME = AccentColor;
				CODE_SIGN_STYLE = Automatic;
				DEVELOPMENT_TEAM = 22QJGKKNX4;
				INFOPLIST_FILE = CombinePublishers/Info.plist;
				LD_RUNPATH_SEARCH_PATHS = (
					"$(inherited)",
					"@executable_path/Frameworks",
				);
				PRODUCT_BUNDLE_IDENTIFIER = naz.CombineOperators;
				PRODUCT_NAME = "$(TARGET_NAME)";
				SWIFT_VERSION = 5.0;
				TARGETED_DEVICE_FAMILY = "1,2";
			};
			name = Debug;
		};
		457BA4D225A1ED6200A98175 /* Release */ = {
			isa = XCBuildConfiguration;
			buildSettings = {
				ASSETCATALOG_COMPILER_APPICON_NAME = AppIcon;
				ASSETCATALOG_COMPILER_GLOBAL_ACCENT_COLOR_NAME = AccentColor;
				CODE_SIGN_STYLE = Automatic;
				DEVELOPMENT_TEAM = 22QJGKKNX4;
				INFOPLIST_FILE = CombinePublishers/Info.plist;
				LD_RUNPATH_SEARCH_PATHS = (
					"$(inherited)",
					"@executable_path/Frameworks",
				);
				PRODUCT_BUNDLE_IDENTIFIER = naz.CombineOperators;
				PRODUCT_NAME = "$(TARGET_NAME)";
				SWIFT_VERSION = 5.0;
				TARGETED_DEVICE_FAMILY = "1,2";
			};
			name = Release;
		};
/* End XCBuildConfiguration section */

/* Begin XCConfigurationList section */
		457BA4A125A1ED6100A98175 /* Build configuration list for PBXProject "CombinePublishers" */ = {
			isa = XCConfigurationList;
			buildConfigurations = (
				457BA4CE25A1ED6200A98175 /* Debug */,
				457BA4CF25A1ED6200A98175 /* Release */,
			);
			defaultConfigurationIsVisible = 0;
			defaultConfigurationName = Release;
		};
		457BA4D025A1ED6200A98175 /* Build configuration list for PBXNativeTarget "CombinePublishers" */ = {
			isa = XCConfigurationList;
			buildConfigurations = (
				457BA4D125A1ED6200A98175 /* Debug */,
				457BA4D225A1ED6200A98175 /* Release */,
			);
			defaultConfigurationIsVisible = 0;
			defaultConfigurationName = Release;
		};
/* End XCConfigurationList section */
	};
	rootObject = 457BA49E25A1ED6100A98175 /* Project object */;
}
